{
  "name": "moldpilot-erp-design-upload-mcp",
  "version": "1.0.0",
  "lockfileVersion": 3,
  "requires": true,
  "packages": {
    "": {
      "name": "moldpilot-erp-design-upload-mcp",
      "version": "1.0.0",
      "dependencies": {
        "erp-design-upload-mcp": "file:D:/work2/management-system/artifacts/erp-design-upload-mcp-0.5.0.tgz"
      }
    },
    "node_modules/erp-design-upload-mcp": {
      "version": "0.5.0",
      "resolved": "file:D:/work2/management-system/artifacts/erp-design-upload-mcp-0.5.0.tgz",
      "integrity": "sha512-xI0ZH3itgPfRWQDTCLFmSuugKL+KPVCT0HZeo0svFmAPQmQ90WkvPCruIAPHBSFYLywmB0h+4ayzmC8bwMxlSQ==",
      "license": "UNLICENSED",
      "bin": {
        "erp-design-upload-mcp": "scripts/erp-design-upload-mcp.mjs"
      },
      "engines": {
        "node": ">=20"
      }
    }
  }
}
